
Microsoft Visual Studio Solution File, Format Version 12.00
# Visual Studio Version 17
VisualStudioVersion = 17.13.35931.197 d17.13
MinimumVisualStudioVersion = 10.0.40219.1
Project("{FAE04EC0-301F-11D3-BF4B-00C04F79EFBC}") = "Lista1exe9", "Lista1exe9\Lista1exe9.csproj", "{8BCA19A5-4EC4-4E49-8993-794EE532AE32}"
EndProject
Global
	GlobalSection(SolutionConfigurationPlatforms) = preSolution
		Debug|Any CPU = Debug|Any CPU
		Release|Any CPU = Release|Any CPU
	EndGlobalSection
	GlobalSection(ProjectConfigurationPlatforms) = postSolution
		{8BCA19A5-4EC4-4E49-8993-794EE532AE32}.Debug|Any CPU.ActiveCfg = Debug|Any CPU
		{8BCA19A5-4EC4-4E49-8993-794EE532AE32}.Debug|Any CPU.Build.0 = Debug|Any CPU
		{8BCA19A5-4EC4-4E49-8993-794EE532AE32}.Release|Any CPU.ActiveCfg = Release|Any CPU
		{8BCA19A5-4EC4-4E49-8993-794EE532AE32}.Release|Any CPU.Build.0 = Release|Any CPU
	EndGlobalSection
	GlobalSection(SolutionProperties) = preSolution
		HideSolutionNode = FALSE
	EndGlobalSection
	GlobalSection(ExtensibilityGlobals) = postSolution
		SolutionGuid = {C0E7FF7A-CAC0-4DDD-8CC6-B7D6EB52EBE8}
	EndGlobalSection
EndGlobal
