
Microsoft Visual Studio Solution File, Format Version 12.00
# Visual Studio Version 17
VisualStudioVersion = 17.13.35931.197
MinimumVisualStudioVersion = 10.0.40219.1
Project("{FAE04EC0-301F-11D3-BF4B-00C04F79EFBC}") = "Lista1", "Lista1\Lista1.csproj", "{FDCD07E0-96A5-4AF4-A026-4D693036A1EE}"
EndProject
Global
	GlobalSection(SolutionConfigurationPlatforms) = preSolution
		Debug|Any CPU = Debug|Any CPU
		Release|Any CPU = Release|Any CPU
	EndGlobalSection
	GlobalSection(ProjectConfigurationPlatforms) = postSolution
		{FDCD07E0-96A5-4AF4-A026-4D693036A1EE}.Debug|Any CPU.ActiveCfg = Debug|Any CPU
		{FDCD07E0-96A5-4AF4-A026-4D693036A1EE}.Debug|Any CPU.Build.0 = Debug|Any CPU
		{FDCD07E0-96A5-4AF4-A026-4D693036A1EE}.Release|Any CPU.ActiveCfg = Release|Any CPU
		{FDCD07E0-96A5-4AF4-A026-4D693036A1EE}.Release|Any CPU.Build.0 = Release|Any CPU
	EndGlobalSection
	GlobalSection(SolutionProperties) = preSolution
		HideSolutionNode = FALSE
	EndGlobalSection
	GlobalSection(ExtensibilityGlobals) = postSolution
		SolutionGuid = {8B185DE4-2133-43E8-A741-992E696C5744}
	EndGlobalSection
EndGlobal
